// !$*UTF8*$!
{
	archiveVersion = 1;
	classes = {
	};
	objectVersion = 46;
	objects = {

/* Begin PBXBuildFile section */
		571857911E7BB170000637BD /* DateUtil.swift in Sources */ = {isa = PBXBuildFile; fileRef = 571857901E7BB170000637BD /* DateUtil.swift */; };
		571857981E7BB5EF000637BD /* ToDoEntity+CoreDataClass.swift in Sources */ = {isa = PBXBuildFile; fileRef = 571857961E7BB5EF000637BD /* ToDoEntity+CoreDataClass.swift */; };
		571857991E7BB5EF000637BD /* ToDoEntity+CoreDataProperties.swift in Sources */ = {isa = PBXBuildFile; fileRef = 571857971E7BB5EF000637BD /* ToDoEntity+CoreDataProperties.swift */; };
		57308B2B1E6AD926000D67B8 /* CustomTextField.swift in Sources */ = {isa = PBXBuildFile; fileRef = 57308B2A1E6AD926000D67B8 /* CustomTextField.swift */; };
		574956391E6C357B005FE948 /* CustomTableViewCell.swift in Sources */ = {isa = PBXBuildFile; fileRef = 574956381E6C357B005FE948 /* CustomTableViewCell.swift */; };
		574FBECB1E6A8D4E001FB649 /* AddToDoViewController.swift in Sources */ = {isa = PBXBuildFile; fileRef = 574FBECA1E6A8D4E001FB649 /* AddToDoViewController.swift */; };
		574FBED01E6A9BD8001FB649 /* Fabric.framework in Frameworks */ = {isa = PBXBuildFile; fileRef = 574FBECE1E6A9BD8001FB649 /* Fabric.framework */; };
		574FBED11E6A9BD8001FB649 /* Crashlytics.framework in Frameworks */ = {isa = PBXBuildFile; fileRef = 574FBECF1E6A9BD8001FB649 /* Crashlytics.framework */; };
		578084BB1E68320F007DDB8F /* AppDelegate.swift in Sources */ = {isa = PBXBuildFile; fileRef = 578084BA1E68320F007DDB8F /* AppDelegate.swift */; };
		578084BD1E68320F007DDB8F /* ViewController.swift in Sources */ = {isa = PBXBuildFile; fileRef = 578084BC1E68320F007DDB8F /* ViewController.swift */; };
		578084C01E68320F007DDB8F /* Main.storyboard in Resources */ = {isa = PBXBuildFile; fileRef = 578084BE1E68320F007DDB8F /* Main.storyboard */; };
		578084C21E68320F007DDB8F /* Assets.xcassets in Resources */ = {isa = PBXBuildFile; fileRef = 578084C11E68320F007DDB8F /* Assets.xcassets */; };
		578084C51E68320F007DDB8F /* LaunchScreen.storyboard in Resources */ = {isa = PBXBuildFile; fileRef = 578084C31E68320F007DDB8F /* LaunchScreen.storyboard */; };
		578084D11E6836EF007DDB8F /* AppDataModel.xcdatamodeld in Sources */ = {isa = PBXBuildFile; fileRef = 578084CF1E6836EF007DDB8F /* AppDataModel.xcdatamodeld */; };
/* End PBXBuildFile section */

/* Begin PBXFileReference section */
		571857901E7BB170000637BD /* DateUtil.swift */ = {isa = PBXFileReference; fileEncoding = 4; lastKnownFileType = sourcecode.swift; path = DateUtil.swift; sourceTree = "<group>"; };
		571857961E7BB5EF000637BD /* ToDoEntity+CoreDataClass.swift */ = {isa = PBXFileReference; fileEncoding = 4; lastKnownFileType = sourcecode.swift; path = "ToDoEntity+CoreDataClass.swift"; sourceTree = "<group>"; };
		571857971E7BB5EF000637BD /* ToDoEntity+CoreDataProperties.swift */ = {isa = PBXFileReference; fileEncoding = 4; lastKnownFileType = sourcecode.swift; path = "ToDoEntity+CoreDataProperties.swift"; sourceTree = "<group>"; };
		57308B2A1E6AD926000D67B8 /* CustomTextField.swift */ = {isa = PBXFileReference; fileEncoding = 4; lastKnownFileType = sourcecode.swift; path = CustomTextField.swift; sourceTree = "<group>"; };
		574956381E6C357B005FE948 /* CustomTableViewCell.swift */ = {isa = PBXFileReference; fileEncoding = 4; lastKnownFileType = sourcecode.swift; path = CustomTableViewCell.swift; sourceTree = "<group>"; };
		574FBECA1E6A8D4E001FB649 /* AddToDoViewController.swift */ = {isa = PBXFileReference; fileEncoding = 4; lastKnownFileType = sourcecode.swift; path = AddToDoViewController.swift; sourceTree = "<group>"; };
		574FBECE1E6A9BD8001FB649 /* Fabric.framework */ = {isa = PBXFileReference; lastKnownFileType = wrapper.framework; path = Fabric.framework; sourceTree = SOURCE_ROOT; };
		574FBECF1E6A9BD8001FB649 /* Crashlytics.framework */ = {isa = PBXFileReference; lastKnownFileType = wrapper.framework; path = Crashlytics.framework; sourceTree = SOURCE_ROOT; };
		578084B71E68320F007DDB8F /* ToDoListApp.app */ = {isa = PBXFileReference; explicitFileType = wrapper.application; includeInIndex = 0; path = ToDoListApp.app; sourceTree = BUILT_PRODUCTS_DIR; };
		578084BA1E68320F007DDB8F /* AppDelegate.swift */ = {isa = PBXFileReference; lastKnownFileType = sourcecode.swift; path = AppDelegate.swift; sourceTree = "<group>"; };
		578084BC1E68320F007DDB8F /* ViewController.swift */ = {isa = PBXFileReference; lastKnownFileType = sourcecode.swift; path = ViewController.swift; sourceTree = "<group>"; };
		578084BF1E68320F007DDB8F /* Base */ = {isa = PBXFileReference; lastKnownFileType = file.storyboard; name = Base; path = Base.lproj/Main.storyboard; sourceTree = "<group>"; };
		578084C11E68320F007DDB8F /* Assets.xcassets */ = {isa = PBXFileReference; lastKnownFileType = folder.assetcatalog; path = Assets.xcassets; sourceTree = "<group>"; };
		578084C41E68320F007DDB8F /* Base */ = {isa = PBXFileReference; lastKnownFileType = file.storyboard; name = Base; path = Base.lproj/LaunchScreen.storyboard; sourceTree = "<group>"; };
		578084C61E68320F007DDB8F /* Info.plist */ = {isa = PBXFileReference; lastKnownFileType = text.plist.xml; path = Info.plist; sourceTree = "<group>"; };
		578084D01E6836EF007DDB8F /* AppDataModel.xcdatamodel */ = {isa = PBXFileReference; lastKnownFileType = wrapper.xcdatamodel; path = AppDataModel.xcdatamodel; sourceTree = "<group>"; };
/* End PBXFileReference section */

/* Begin PBXFrameworksBuildPhase section */
		578084B41E68320F007DDB8F /* Frameworks */ = {
			isa = PBXFrameworksBuildPhase;
			buildActionMask = 2147483647;
			files = (
				574FBED11E6A9BD8001FB649 /* Crashlytics.framework in Frameworks */,
				574FBED01E6A9BD8001FB649 /* Fabric.framework in Frameworks */,
			);
			runOnlyForDeploymentPostprocessing = 0;
		};
/* End PBXFrameworksBuildPhase section */

/* Begin PBXGroup section */
		5718578F1E7BB0D9000637BD /* util */ = {
			isa = PBXGroup;
			children = (
				571857901E7BB170000637BD /* DateUtil.swift */,
			);
			name = util;
			sourceTree = "<group>";
		};
		57308B291E6AD8EF000D67B8 /* view */ = {
			isa = PBXGroup;
			children = (
				57308B2A1E6AD926000D67B8 /* CustomTextField.swift */,
				574956381E6C357B005FE948 /* CustomTableViewCell.swift */,
			);
			name = view;
			sourceTree = "<group>";
		};
		574FBECD1E6A9BC3001FB649 /* framework */ = {
			isa = PBXGroup;
			children = (
				574FBECE1E6A9BD8001FB649 /* Fabric.framework */,
				574FBECF1E6A9BD8001FB649 /* Crashlytics.framework */,
			);
			name = framework;
			sourceTree = "<group>";
		};
		578084AE1E68320F007DDB8F = {
			isa = PBXGroup;
			children = (
				578084B81E68320F007DDB8F /* Products */,
				578084B91E68320F007DDB8F /* ToDoListApp */,
			);
			sourceTree = "<group>";
		};
		578084B81E68320F007DDB8F /* Products */ = {
			isa = PBXGroup;
			children = (
				578084B71E68320F007DDB8F /* ToDoListApp.app */,
			);
			name = Products;
			sourceTree = "<group>";
		};
		578084B91E68320F007DDB8F /* ToDoListApp */ = {
			isa = PBXGroup;
			children = (
				574FBECD1E6A9BC3001FB649 /* framework */,
				578084DC1E68407E007DDB8F /* resources */,
				578084DD1E6840B9007DDB8F /* src */,
			);
			path = ToDoListApp;
			sourceTree = "<group>";
		};
		578084DC1E68407E007DDB8F /* resources */ = {
			isa = PBXGroup;
			children = (
				578084C11E68320F007DDB8F /* Assets.xcassets */,
				578084C61E68320F007DDB8F /* Info.plist */,
			);
			path = resources;
			sourceTree = "<group>";
		};
		578084DD1E6840B9007DDB8F /* src */ = {
			isa = PBXGroup;
			children = (
				5718578F1E7BB0D9000637BD /* util */,
				578084DF1E6840E8007DDB8F /* controller */,
				578084DE1E6840E1007DDB8F /* model */,
				57308B291E6AD8EF000D67B8 /* view */,
				578084BA1E68320F007DDB8F /* AppDelegate.swift */,
				578084C31E68320F007DDB8F /* LaunchScreen.storyboard */,
				578084BE1E68320F007DDB8F /* Main.storyboard */,
			);
			path = src;
			sourceTree = "<group>";
		};
		578084DE1E6840E1007DDB8F /* model */ = {
			isa = PBXGroup;
			children = (
				578084CF1E6836EF007DDB8F /* AppDataModel.xcdatamodeld */,
				571857961E7BB5EF000637BD /* ToDoEntity+CoreDataClass.swift */,
				571857971E7BB5EF000637BD /* ToDoEntity+CoreDataProperties.swift */,
			);
			path = model;
			sourceTree = "<group>";
		};
		578084DF1E6840E8007DDB8F /* controller */ = {
			isa = PBXGroup;
			children = (
				574FBECA1E6A8D4E001FB649 /* AddToDoViewController.swift */,
				578084BC1E68320F007DDB8F /* ViewController.swift */,
			);
			path = controller;
			sourceTree = "<group>";
		};
/* End PBXGroup section */

/* Begin PBXNativeTarget section */
		578084B61E68320F007DDB8F /* ToDoListApp */ = {
			isa = PBXNativeTarget;
			buildConfigurationList = 578084C91E68320F007DDB8F /* Build configuration list for PBXNativeTarget "ToDoListApp" */;
			buildPhases = (
				578084B31E68320F007DDB8F /* Sources */,
				578084B41E68320F007DDB8F /* Frameworks */,
				578084B51E68320F007DDB8F /* Resources */,
				574FBECC1E6A9B22001FB649 /* ShellScript */,
			);
			buildRules = (
			);
			dependencies = (
			);
			name = ToDoListApp;
			productName = ToDoListApp;
			productReference = 578084B71E68320F007DDB8F /* ToDoListApp.app */;
			productType = "com.apple.product-type.application";
		};
/* End PBXNativeTarget section */

/* Begin PBXProject section */
		578084AF1E68320F007DDB8F /* Project object */ = {
			isa = PBXProject;
			attributes = {
				LastSwiftUpdateCheck = 0820;
				LastUpgradeCheck = 0820;
				ORGANIZATIONNAME = takimoto;
				TargetAttributes = {
					578084B61E68320F007DDB8F = {
						CreatedOnToolsVersion = 8.2.1;
						DevelopmentTeam = K57NM4P63U;
						ProvisioningStyle = Automatic;
					};
				};
			};
			buildConfigurationList = 578084B21E68320F007DDB8F /* Build configuration list for PBXProject "ToDoListApp" */;
			compatibilityVersion = "Xcode 3.2";
			developmentRegion = English;
			hasScannedForEncodings = 0;
			knownRegions = (
				en,
				Base,
			);
			mainGroup = 578084AE1E68320F007DDB8F;
			productRefGroup = 578084B81E68320F007DDB8F /* Products */;
			projectDirPath = "";
			projectRoot = "";
			targets = (
				578084B61E68320F007DDB8F /* ToDoListApp */,
			);
		};
/* End PBXProject section */

/* Begin PBXResourcesBuildPhase section */
		578084B51E68320F007DDB8F /* Resources */ = {
			isa = PBXResourcesBuildPhase;
			buildActionMask = 2147483647;
			files = (
				578084C51E68320F007DDB8F /* LaunchScreen.storyboard in Resources */,
				578084C21E68320F007DDB8F /* Assets.xcassets in Resources */,
				578084C01E68320F007DDB8F /* Main.storyboard in Resources */,
			);
			runOnlyForDeploymentPostprocessing = 0;
		};
/* End PBXResourcesBuildPhase section */

/* Begin PBXShellScriptBuildPhase section */
		574FBECC1E6A9B22001FB649 /* ShellScript */ = {
			isa = PBXShellScriptBuildPhase;
			buildActionMask = 2147483647;
			files = (
			);
			inputPaths = (
			);
			outputPaths = (
			);
			runOnlyForDeploymentPostprocessing = 0;
			shellPath = /bin/sh;
			shellScript = "./Fabric.framework/run b8aa0edf2d98660e1cc7bc3b7521ba0352760df6 c75c69195382b8fb02983073ca4c441d1e3411134758dd5faf2682b3b758422f";
		};
/* End PBXShellScriptBuildPhase section */

/* Begin PBXSourcesBuildPhase section */
		578084B31E68320F007DDB8F /* Sources */ = {
			isa = PBXSourcesBuildPhase;
			buildActionMask = 2147483647;
			files = (
				571857981E7BB5EF000637BD /* ToDoEntity+CoreDataClass.swift in Sources */,
				57308B2B1E6AD926000D67B8 /* CustomTextField.swift in Sources */,
				574956391E6C357B005FE948 /* CustomTableViewCell.swift in Sources */,
				578084D11E6836EF007DDB8F /* AppDataModel.xcdatamodeld in Sources */,
				578084BD1E68320F007DDB8F /* ViewController.swift in Sources */,
				571857911E7BB170000637BD /* DateUtil.swift in Sources */,
				574FBECB1E6A8D4E001FB649 /* AddToDoViewController.swift in Sources */,
				571857991E7BB5EF000637BD /* ToDoEntity+CoreDataProperties.swift in Sources */,
				578084BB1E68320F007DDB8F /* AppDelegate.swift in Sources */,
			);
			runOnlyForDeploymentPostprocessing = 0;
		};
/* End PBXSourcesBuildPhase section */

/* Begin PBXVariantGroup section */
		578084BE1E68320F007DDB8F /* Main.storyboard */ = {
			isa = PBXVariantGroup;
			children = (
				578084BF1E68320F007DDB8F /* Base */,
			);
			name = Main.storyboard;
			path = .;
			sourceTree = "<group>";
		};
		578084C31E68320F007DDB8F /* LaunchScreen.storyboard */ = {
			isa = PBXVariantGroup;
			children = (
				578084C41E68320F007DDB8F /* Base */,
			);
			name = LaunchScreen.storyboard;
			path = .;
			sourceTree = "<group>";
		};
/* End PBXVariantGroup section */

/* Begin XCBuildConfiguration section */
		578084C71E68320F007DDB8F /* Debug */ = {
			isa = XCBuildConfiguration;
			buildSettings = {
				ALWAYS_SEARCH_USER_PATHS = NO;
				CLANG_ANALYZER_NONNULL = YES;
				CLANG_CXX_LANGUAGE_STANDARD = "gnu++0x";
				CLANG_CXX_LIBRARY = "libc++";
				CLANG_ENABLE_MODULES = YES;
				CLANG_ENABLE_OBJC_ARC = YES;
				CLANG_WARN_BOOL_CONVERSION = YES;
				CLANG_WARN_CONSTANT_CONVERSION = YES;
				CLANG_WARN_DIRECT_OBJC_ISA_USAGE = YES_ERROR;
				CLANG_WARN_DOCUMENTATION_COMMENTS = YES;
				CLANG_WARN_EMPTY_BODY = YES;
				CLANG_WARN_ENUM_CONVERSION = YES;
				CLANG_WARN_INFINITE_RECURSION = YES;
				CLANG_WARN_INT_CONVERSION = YES;
				CLANG_WARN_OBJC_ROOT_CLASS = YES_ERROR;
				CLANG_WARN_SUSPICIOUS_MOVE = YES;
				CLANG_WARN_UNREACHABLE_CODE = YES;
				CLANG_WARN__DUPLICATE_METHOD_MATCH = YES;
				"CODE_SIGN_IDENTITY[sdk=iphoneos*]" = "iPhone Developer";
				COPY_PHASE_STRIP = NO;
				DEBUG_INFORMATION_FORMAT = dwarf;
				ENABLE_STRICT_OBJC_MSGSEND = YES;
				ENABLE_TESTABILITY = YES;
				GCC_C_LANGUAGE_STANDARD = gnu99;
				GCC_DYNAMIC_NO_PIC = NO;
				GCC_NO_COMMON_BLOCKS = YES;
				GCC_OPTIMIZATION_LEVEL = 0;
				GCC_PREPROCESSOR_DEFINITIONS = (
					"DEBUG=1",
					"$(inherited)",
				);
				GCC_WARN_64_TO_32_BIT_CONVERSION = YES;
				GCC_WARN_ABOUT_RETURN_TYPE = YES_ERROR;
				GCC_WARN_UNDECLARED_SELECTOR = YES;
				GCC_WARN_UNINITIALIZED_AUTOS = YES_AGGRESSIVE;
				GCC_WARN_UNUSED_FUNCTION = YES;
				GCC_WARN_UNUSED_VARIABLE = YES;
				IPHONEOS_DEPLOYMENT_TARGET = 10.2;
				MTL_ENABLE_DEBUG_INFO = YES;
				ONLY_ACTIVE_ARCH = YES;
				SDKROOT = iphoneos;
				SWIFT_ACTIVE_COMPILATION_CONDITIONS = DEBUG;
				SWIFT_OPTIMIZATION_LEVEL = "-Onone";
			};
			name = Debug;
		};
		578084C81E68320F007DDB8F /* Release */ = {
			isa = XCBuildConfiguration;
			buildSettings = {
				ALWAYS_SEARCH_USER_PATHS = NO;
				CLANG_ANALYZER_NONNULL = YES;
				CLANG_CXX_LANGUAGE_STANDARD = "gnu++0x";
				CLANG_CXX_LIBRARY = "libc++";
				CLANG_ENABLE_MODULES = YES;
				CLANG_ENABLE_OBJC_ARC = YES;
				CLANG_WARN_BOOL_CONVERSION = YES;
				CLANG_WARN_CONSTANT_CONVERSION = YES;
				CLANG_WARN_DIRECT_OBJC_ISA_USAGE = YES_ERROR;
				CLANG_WARN_DOCUMENTATION_COMMENTS = YES;
				CLANG_WARN_EMPTY_BODY = YES;
				CLANG_WARN_ENUM_CONVERSION = YES;
				CLANG_WARN_INFINITE_RECURSION = YES;
				CLANG_WARN_INT_CONVERSION = YES;
				CLANG_WARN_OBJC_ROOT_CLASS = YES_ERROR;
				CLANG_WARN_SUSPICIOUS_MOVE = YES;
				CLANG_WARN_UNREACHABLE_CODE = YES;
				CLANG_WARN__DUPLICATE_METHOD_MATCH = YES;
				"CODE_SIGN_IDENTITY[sdk=iphoneos*]" = "iPhone Developer";
				COPY_PHASE_STRIP = NO;
				DEBUG_INFORMATION_FORMAT = "dwarf-with-dsym";
				ENABLE_NS_ASSERTIONS = NO;
				ENABLE_STRICT_OBJC_MSGSEND = YES;
				GCC_C_LANGUAGE_STANDARD = gnu99;
				GCC_NO_COMMON_BLOCKS = YES;
				GCC_WARN_64_TO_32_BIT_CONVERSION = YES;
				GCC_WARN_ABOUT_RETURN_TYPE = YES_ERROR;
				GCC_WARN_UNDECLARED_SELECTOR = YES;
				GCC_WARN_UNINITIALIZED_AUTOS = YES_AGGRESSIVE;
				GCC_WARN_UNUSED_FUNCTION = YES;
				GCC_WARN_UNUSED_VARIABLE = YES;
				IPHONEOS_DEPLOYMENT_TARGET = 10.2;
				MTL_ENABLE_DEBUG_INFO = NO;
				SDKROOT = iphoneos;
				SWIFT_OPTIMIZATION_LEVEL = "-Owholemodule";
				VALIDATE_PRODUCT = YES;
			};
			name = Release;
		};
		578084CA1E68320F007DDB8F /* Debug */ = {
			isa = XCBuildConfiguration;
			buildSettings = {
				ASSETCATALOG_COMPILER_APPICON_NAME = AppIcon;
				DEVELOPMENT_TEAM = K57NM4P63U;
				FRAMEWORK_SEARCH_PATHS = (
					"$(inherited)",
					"$(PROJECT_DIR)",
				);
				INFOPLIST_FILE = ToDoListApp/resources/Info.plist;
				LD_RUNPATH_SEARCH_PATHS = "$(inherited) @executable_path/Frameworks";
				PRODUCT_BUNDLE_IDENTIFIER = jp.co.poweredge.ToDoListApp;
				PRODUCT_NAME = "$(TARGET_NAME)";
				SWIFT_VERSION = 3.0;
			};
			name = Debug;
		};
		578084CB1E68320F007DDB8F /* Release */ = {
			isa = XCBuildConfiguration;
			buildSettings = {
				ASSETCATALOG_COMPILER_APPICON_NAME = AppIcon;
				DEVELOPMENT_TEAM = K57NM4P63U;
				FRAMEWORK_SEARCH_PATHS = (
					"$(inherited)",
					"$(PROJECT_DIR)",
				);
				INFOPLIST_FILE = ToDoListApp/resources/Info.plist;
				LD_RUNPATH_SEARCH_PATHS = "$(inherited) @executable_path/Frameworks";
				PRODUCT_BUNDLE_IDENTIFIER = jp.co.poweredge.ToDoListApp;
				PRODUCT_NAME = "$(TARGET_NAME)";
				SWIFT_VERSION = 3.0;
			};
			name = Release;
		};
/* End XCBuildConfiguration section */

/* Begin XCConfigurationList section */
		578084B21E68320F007DDB8F /* Build configuration list for PBXProject "ToDoListApp" */ = {
			isa = XCConfigurationList;
			buildConfigurations = (
				578084C71E68320F007DDB8F /* Debug */,
				578084C81E68320F007DDB8F /* Release */,
			);
			defaultConfigurationIsVisible = 0;
			defaultConfigurationName = Release;
		};
		578084C91E68320F007DDB8F /* Build configuration list for PBXNativeTarget "ToDoListApp" */ = {
			isa = XCConfigurationList;
			buildConfigurations = (
				578084CA1E68320F007DDB8F /* Debug */,
				578084CB1E68320F007DDB8F /* Release */,
			);
			defaultConfigurationIsVisible = 0;
			defaultConfigurationName = Release;
		};
/* End XCConfigurationList section */

/* Begin XCVersionGroup section */
		578084CF1E6836EF007DDB8F /* AppDataModel.xcdatamodeld */ = {
			isa = XCVersionGroup;
			children = (
				578084D01E6836EF007DDB8F /* AppDataModel.xcdatamodel */,
			);
			currentVersion = 578084D01E6836EF007DDB8F /* AppDataModel.xcdatamodel */;
			path = AppDataModel.xcdatamodeld;
			sourceTree = "<group>";
			versionGroupType = wrapper.xcdatamodel;
		};
/* End XCVersionGroup section */
	};
	rootObject = 578084AF1E68320F007DDB8F /* Project object */;
}
